
Microsoft Visual Studio Solution File, Format Version 12.00
# Visual Studio Version 16
VisualStudioVersion = 16.0.30330.147
MinimumVisualStudioVersion = 10.0.40219.1
Project("{FAE04EC0-301F-11D3-BF4B-00C04F79EFBC}") = "Task 1 Retry", "Task 1 Retry.csproj", "{70CD19C8-89C8-49D3-9FD3-00CC59260B84}"
EndProject
Global
	GlobalSection(SolutionConfigurationPlatforms) = preSolution
		Debug|Any CPU = Debug|Any CPU
		Release|Any CPU = Release|Any CPU
	EndGlobalSection
	GlobalSection(ProjectConfigurationPlatforms) = postSolution
		{70CD19C8-89C8-49D3-9FD3-00CC59260B84}.Debug|Any CPU.ActiveCfg = Debug|Any CPU
		{70CD19C8-89C8-49D3-9FD3-00CC59260B84}.Debug|Any CPU.Build.0 = Debug|Any CPU
		{70CD19C8-89C8-49D3-9FD3-00CC59260B84}.Release|Any CPU.ActiveCfg = Release|Any CPU
		{70CD19C8-89C8-49D3-9FD3-00CC59260B84}.Release|Any CPU.Build.0 = Release|Any CPU
	EndGlobalSection
	GlobalSection(SolutionProperties) = preSolution
		HideSolutionNode = FALSE
	EndGlobalSection
	GlobalSection(ExtensibilityGlobals) = postSolution
		SolutionGuid = {E300D980-6FA9-4083-B655-0C02ED5F2B13}
	EndGlobalSection
EndGlobal
